# Generated by pub
# See https://dart.dev/tools/pub/glossary#lockfile
packages:
  edit_distance:
    dependency: "direct main"
    description:
      name: edit_distance
      url: "https://pub.dartlang.org"
    source: hosted
    version: "0.4.1"
  function_types:
    dependency: transitive
    description:
      name: function_types
      url: "https://pub.dartlang.org"
    source: hosted
    version: "0.0.2"
  queries:
    dependency: "direct main"
    description:
      name: queries
      url: "https://pub.dartlang.org"
    source: hosted
    version: "0.1.12"
sdks:
  dart: ">=2.0.0 <3.0.0"
